
Microsoft Visual Studio Solution File, Format Version 12.00
# Visual Studio Version 17
VisualStudioVersion = 17.10.35122.118
MinimumVisualStudioVersion = 10.0.40219.1
Project("{9A19103F-16F7-4668-BE54-9A1E7A4F7556}") = "AgendaProfit.Api", "AgendaProfit\AgendaProfit.Api.csproj", "{1AEF1A46-431C-4511-BF82-7196C93A54EB}"
EndProject
Project("{9A19103F-16F7-4668-BE54-9A1E7A4F7556}") = "AgendaProfit.Domain", "AgendaProfit.Domain\AgendaProfit.Domain.csproj", "{5B733346-3C66-48A2-A01C-6D8CD6DF4661}"
EndProject
Project("{9A19103F-16F7-4668-BE54-9A1E7A4F7556}") = "AgendaProfit.Infraestructure", "AgendaProfit.Infraestructure\AgendaProfit.Infraestructure.csproj", "{D303852E-E85F-4C69-A876-603B8628D026}"
EndProject
Project("{9A19103F-16F7-4668-BE54-9A1E7A4F7556}") = "AgendaProfit.Application", "AgendaProfit.Application\AgendaProfit.Application.csproj", "{A8DC22AA-F6A7-4B15-9D66-ADDC2901432C}"
EndProject
Global
	GlobalSection(SolutionConfigurationPlatforms) = preSolution
		Debug|Any CPU = Debug|Any CPU
		Release|Any CPU = Release|Any CPU
	EndGlobalSection
	GlobalSection(ProjectConfigurationPlatforms) = postSolution
		{1AEF1A46-431C-4511-BF82-7196C93A54EB}.Debug|Any CPU.ActiveCfg = Debug|Any CPU
		{1AEF1A46-431C-4511-BF82-7196C93A54EB}.Debug|Any CPU.Build.0 = Debug|Any CPU
		{1AEF1A46-431C-4511-BF82-7196C93A54EB}.Release|Any CPU.ActiveCfg = Release|Any CPU
		{1AEF1A46-431C-4511-BF82-7196C93A54EB}.Release|Any CPU.Build.0 = Release|Any CPU
		{5B733346-3C66-48A2-A01C-6D8CD6DF4661}.Debug|Any CPU.ActiveCfg = Debug|Any CPU
		{5B733346-3C66-48A2-A01C-6D8CD6DF4661}.Debug|Any CPU.Build.0 = Debug|Any CPU
		{5B733346-3C66-48A2-A01C-6D8CD6DF4661}.Release|Any CPU.ActiveCfg = Release|Any CPU
		{5B733346-3C66-48A2-A01C-6D8CD6DF4661}.Release|Any CPU.Build.0 = Release|Any CPU
		{D303852E-E85F-4C69-A876-603B8628D026}.Debug|Any CPU.ActiveCfg = Debug|Any CPU
		{D303852E-E85F-4C69-A876-603B8628D026}.Debug|Any CPU.Build.0 = Debug|Any CPU
		{D303852E-E85F-4C69-A876-603B8628D026}.Release|Any CPU.ActiveCfg = Release|Any CPU
		{D303852E-E85F-4C69-A876-603B8628D026}.Release|Any CPU.Build.0 = Release|Any CPU
		{A8DC22AA-F6A7-4B15-9D66-ADDC2901432C}.Debug|Any CPU.ActiveCfg = Debug|Any CPU
		{A8DC22AA-F6A7-4B15-9D66-ADDC2901432C}.Debug|Any CPU.Build.0 = Debug|Any CPU
		{A8DC22AA-F6A7-4B15-9D66-ADDC2901432C}.Release|Any CPU.ActiveCfg = Release|Any CPU
		{A8DC22AA-F6A7-4B15-9D66-ADDC2901432C}.Release|Any CPU.Build.0 = Release|Any CPU
	EndGlobalSection
	GlobalSection(SolutionProperties) = preSolution
		HideSolutionNode = FALSE
	EndGlobalSection
	GlobalSection(ExtensibilityGlobals) = postSolution
		SolutionGuid = {F058B1CC-6D68-4B86-A79D-E40C26DF6605}
	EndGlobalSection
EndGlobal
